// !$*UTF8*$!
{
	archiveVersion = 1;
	classes = {
	};
	objectVersion = 51;
	objects = {

/* Begin PBXBuildFile section */
		A501768D246EAFEE009FC64A /* AppDelegate.swift in Sources */ = {isa = PBXBuildFile; fileRef = A501768C246EAFEE009FC64A /* AppDelegate.swift */; };
		A501768F246EAFEE009FC64A /* SceneDelegate.swift in Sources */ = {isa = PBXBuildFile; fileRef = A501768E246EAFEE009FC64A /* SceneDelegate.swift */; };
		A5017694246EAFEF009FC64A /* Main.storyboard in Resources */ = {isa = PBXBuildFile; fileRef = A5017692246EAFEF009FC64A /* Main.storyboard */; };
		A5017697246EAFEF009FC64A /* RxSwift_Memo.xcdatamodeld in Sources */ = {isa = PBXBuildFile; fileRef = A5017695246EAFEF009FC64A /* RxSwift_Memo.xcdatamodeld */; };
		A5017699246EAFF0009FC64A /* Assets.xcassets in Resources */ = {isa = PBXBuildFile; fileRef = A5017698246EAFF0009FC64A /* Assets.xcassets */; };
		A501769C246EAFF0009FC64A /* LaunchScreen.storyboard in Resources */ = {isa = PBXBuildFile; fileRef = A501769A246EAFF0009FC64A /* LaunchScreen.storyboard */; };
		A547029324854C690091CA55 /* Memo.swift in Sources */ = {isa = PBXBuildFile; fileRef = A547029224854C690091CA55 /* Memo.swift */; };
		A585F8432482C11500A60530 /* MemoListViewModel.swift in Sources */ = {isa = PBXBuildFile; fileRef = A585F8422482C11500A60530 /* MemoListViewModel.swift */; };
		A585F8472482C19100A60530 /* MemoListViewController.swift in Sources */ = {isa = PBXBuildFile; fileRef = A585F8462482C19100A60530 /* MemoListViewController.swift */; };
		E3520F37B3B03B5FF966F4B7 /* Pods_RxSwift_Memo.framework in Frameworks */ = {isa = PBXBuildFile; fileRef = F22EC5E82B644ACB307B7B7D /* Pods_RxSwift_Memo.framework */; };
/* End PBXBuildFile section */

/* Begin PBXFileReference section */
		511D8E1B819E020FB5AF7E3B /* Pods-RxSwift-Memo.debug.xcconfig */ = {isa = PBXFileReference; includeInIndex = 1; lastKnownFileType = text.xcconfig; name = "Pods-RxSwift-Memo.debug.xcconfig"; path = "Target Support Files/Pods-RxSwift-Memo/Pods-RxSwift-Memo.debug.xcconfig"; sourceTree = "<group>"; };
		A5017689246EAFEE009FC64A /* RxSwift-Memo.app */ = {isa = PBXFileReference; explicitFileType = wrapper.application; includeInIndex = 0; path = "RxSwift-Memo.app"; sourceTree = BUILT_PRODUCTS_DIR; };
		A501768C246EAFEE009FC64A /* AppDelegate.swift */ = {isa = PBXFileReference; lastKnownFileType = sourcecode.swift; path = AppDelegate.swift; sourceTree = "<group>"; };
		A501768E246EAFEE009FC64A /* SceneDelegate.swift */ = {isa = PBXFileReference; lastKnownFileType = sourcecode.swift; path = SceneDelegate.swift; sourceTree = "<group>"; };
		A5017693246EAFEF009FC64A /* Base */ = {isa = PBXFileReference; lastKnownFileType = file.storyboard; name = Base; path = Base.lproj/Main.storyboard; sourceTree = "<group>"; };
		A5017696246EAFEF009FC64A /* RxSwift_Memo.xcdatamodel */ = {isa = PBXFileReference; lastKnownFileType = wrapper.xcdatamodel; path = RxSwift_Memo.xcdatamodel; sourceTree = "<group>"; };
		A5017698246EAFF0009FC64A /* Assets.xcassets */ = {isa = PBXFileReference; lastKnownFileType = folder.assetcatalog; path = Assets.xcassets; sourceTree = "<group>"; };
		A501769B246EAFF0009FC64A /* Base */ = {isa = PBXFileReference; lastKnownFileType = file.storyboard; name = Base; path = Base.lproj/LaunchScreen.storyboard; sourceTree = "<group>"; };
		A501769D246EAFF0009FC64A /* Info.plist */ = {isa = PBXFileReference; lastKnownFileType = text.plist.xml; path = Info.plist; sourceTree = "<group>"; };
		A547029224854C690091CA55 /* Memo.swift */ = {isa = PBXFileReference; lastKnownFileType = sourcecode.swift; path = Memo.swift; sourceTree = "<group>"; };
		A585F8422482C11500A60530 /* MemoListViewModel.swift */ = {isa = PBXFileReference; lastKnownFileType = sourcecode.swift; path = MemoListViewModel.swift; sourceTree = "<group>"; };
		A585F8462482C19100A60530 /* MemoListViewController.swift */ = {isa = PBXFileReference; lastKnownFileType = sourcecode.swift; path = MemoListViewController.swift; sourceTree = "<group>"; };
		DF3C68BD3A12BE11D0DC25BD /* Pods-RxSwift-Memo.release.xcconfig */ = {isa = PBXFileReference; includeInIndex = 1; lastKnownFileType = text.xcconfig; name = "Pods-RxSwift-Memo.release.xcconfig"; path = "Target Support Files/Pods-RxSwift-Memo/Pods-RxSwift-Memo.release.xcconfig"; sourceTree = "<group>"; };
		F22EC5E82B644ACB307B7B7D /* Pods_RxSwift_Memo.framework */ = {isa = PBXFileReference; explicitFileType = wrapper.framework; includeInIndex = 0; path = Pods_RxSwift_Memo.framework; sourceTree = BUILT_PRODUCTS_DIR; };
/* End PBXFileReference section */

/* Begin PBXFrameworksBuildPhase section */
		A5017686246EAFEE009FC64A /* Frameworks */ = {
			isa = PBXFrameworksBuildPhase;
			buildActionMask = 2147483647;
			files = (
				E3520F37B3B03B5FF966F4B7 /* Pods_RxSwift_Memo.framework in Frameworks */,
			);
			runOnlyForDeploymentPostprocessing = 0;
		};
/* End PBXFrameworksBuildPhase section */

/* Begin PBXGroup section */
		10B53E5B9CD9C3B5222BA9B6 /* Frameworks */ = {
			isa = PBXGroup;
			children = (
				F22EC5E82B644ACB307B7B7D /* Pods_RxSwift_Memo.framework */,
			);
			name = Frameworks;
			sourceTree = "<group>";
		};
		95E6A05D7F2F961F5E801802 /* Pods */ = {
			isa = PBXGroup;
			children = (
				511D8E1B819E020FB5AF7E3B /* Pods-RxSwift-Memo.debug.xcconfig */,
				DF3C68BD3A12BE11D0DC25BD /* Pods-RxSwift-Memo.release.xcconfig */,
			);
			path = Pods;
			sourceTree = "<group>";
		};
		A5017680246EAFEE009FC64A = {
			isa = PBXGroup;
			children = (
				A501768B246EAFEE009FC64A /* RxSwift-Memo */,
				A501768A246EAFEE009FC64A /* Products */,
				95E6A05D7F2F961F5E801802 /* Pods */,
				10B53E5B9CD9C3B5222BA9B6 /* Frameworks */,
			);
			sourceTree = "<group>";
		};
		A501768A246EAFEE009FC64A /* Products */ = {
			isa = PBXGroup;
			children = (
				A5017689246EAFEE009FC64A /* RxSwift-Memo.app */,
			);
			name = Products;
			sourceTree = "<group>";
		};
		A501768B246EAFEE009FC64A /* RxSwift-Memo */ = {
			isa = PBXGroup;
			children = (
				A547029124854C540091CA55 /* Model */,
				A585F8412482C0E900A60530 /* ViewController */,
				A585F8402482C0D400A60530 /* ViewModel */,
				A501768C246EAFEE009FC64A /* AppDelegate.swift */,
				A501768E246EAFEE009FC64A /* SceneDelegate.swift */,
				A5017692246EAFEF009FC64A /* Main.storyboard */,
				A5017698246EAFF0009FC64A /* Assets.xcassets */,
				A501769A246EAFF0009FC64A /* LaunchScreen.storyboard */,
				A501769D246EAFF0009FC64A /* Info.plist */,
				A5017695246EAFEF009FC64A /* RxSwift_Memo.xcdatamodeld */,
			);
			path = "RxSwift-Memo";
			sourceTree = "<group>";
		};
		A547029124854C540091CA55 /* Model */ = {
			isa = PBXGroup;
			children = (
				A547029224854C690091CA55 /* Memo.swift */,
			);
			path = Model;
			sourceTree = "<group>";
		};
		A585F8402482C0D400A60530 /* ViewModel */ = {
			isa = PBXGroup;
			children = (
				A585F8422482C11500A60530 /* MemoListViewModel.swift */,
			);
			path = ViewModel;
			sourceTree = "<group>";
		};
		A585F8412482C0E900A60530 /* ViewController */ = {
			isa = PBXGroup;
			children = (
				A585F8462482C19100A60530 /* MemoListViewController.swift */,
			);
			path = ViewController;
			sourceTree = "<group>";
		};
/* End PBXGroup section */

/* Begin PBXNativeTarget section */
		A5017688246EAFEE009FC64A /* RxSwift-Memo */ = {
			isa = PBXNativeTarget;
			buildConfigurationList = A50176A0246EAFF0009FC64A /* Build configuration list for PBXNativeTarget "RxSwift-Memo" */;
			buildPhases = (
				4E910AD04FD8B85E12825CB0 /* [CP] Check Pods Manifest.lock */,
				A5017685246EAFEE009FC64A /* Sources */,
				A5017686246EAFEE009FC64A /* Frameworks */,
				A5017687246EAFEE009FC64A /* Resources */,
				EC6BA1593043BB1C2E139DFF /* [CP] Embed Pods Frameworks */,
			);
			buildRules = (
			);
			dependencies = (
			);
			name = "RxSwift-Memo";
			productName = "RxSwift-Memo";
			productReference = A5017689246EAFEE009FC64A /* RxSwift-Memo.app */;
			productType = "com.apple.product-type.application";
		};
/* End PBXNativeTarget section */

/* Begin PBXProject section */
		A5017681246EAFEE009FC64A /* Project object */ = {
			isa = PBXProject;
			attributes = {
				LastSwiftUpdateCheck = 1140;
				LastUpgradeCheck = 1140;
				ORGANIZATIONNAME = once;
				TargetAttributes = {
					A5017688246EAFEE009FC64A = {
						CreatedOnToolsVersion = 11.4.1;
					};
				};
			};
			buildConfigurationList = A5017684246EAFEE009FC64A /* Build configuration list for PBXProject "RxSwift-Memo" */;
			compatibilityVersion = "Xcode 9.3";
			developmentRegion = en;
			hasScannedForEncodings = 0;
			knownRegions = (
				en,
				Base,
			);
			mainGroup = A5017680246EAFEE009FC64A;
			productRefGroup = A501768A246EAFEE009FC64A /* Products */;
			projectDirPath = "";
			projectRoot = "";
			targets = (
				A5017688246EAFEE009FC64A /* RxSwift-Memo */,
			);
		};
/* End PBXProject section */

/* Begin PBXResourcesBuildPhase section */
		A5017687246EAFEE009FC64A /* Resources */ = {
			isa = PBXResourcesBuildPhase;
			buildActionMask = 2147483647;
			files = (
				A501769C246EAFF0009FC64A /* LaunchScreen.storyboard in Resources */,
				A5017699246EAFF0009FC64A /* Assets.xcassets in Resources */,
				A5017694246EAFEF009FC64A /* Main.storyboard in Resources */,
			);
			runOnlyForDeploymentPostprocessing = 0;
		};
/* End PBXResourcesBuildPhase section */

/* Begin PBXShellScriptBuildPhase section */
		4E910AD04FD8B85E12825CB0 /* [CP] Check Pods Manifest.lock */ = {
			isa = PBXShellScriptBuildPhase;
			buildActionMask = 2147483647;
			files = (
			);
			inputFileListPaths = (
			);
			inputPaths = (
				"${PODS_PODFILE_DIR_PATH}/Podfile.lock",
				"${PODS_ROOT}/Manifest.lock",
			);
			name = "[CP] Check Pods Manifest.lock";
			outputFileListPaths = (
			);
			outputPaths = (
				"$(DERIVED_FILE_DIR)/Pods-RxSwift-Memo-checkManifestLockResult.txt",
			);
			runOnlyForDeploymentPostprocessing = 0;
			shellPath = /bin/sh;
			shellScript = "diff \"${PODS_PODFILE_DIR_PATH}/Podfile.lock\" \"${PODS_ROOT}/Manifest.lock\" > /dev/null\nif [ $? != 0 ] ; then\n    # print error to STDERR\n    echo \"error: The sandbox is not in sync with the Podfile.lock. Run 'pod install' or update your CocoaPods installation.\" >&2\n    exit 1\nfi\n# This output is used by Xcode 'outputs' to avoid re-running this script phase.\necho \"SUCCESS\" > \"${SCRIPT_OUTPUT_FILE_0}\"\n";
			showEnvVarsInLog = 0;
		};
		EC6BA1593043BB1C2E139DFF /* [CP] Embed Pods Frameworks */ = {
			isa = PBXShellScriptBuildPhase;
			buildActionMask = 2147483647;
			files = (
			);
			inputFileListPaths = (
				"${PODS_ROOT}/Target Support Files/Pods-RxSwift-Memo/Pods-RxSwift-Memo-frameworks-${CONFIGURATION}-input-files.xcfilelist",
			);
			name = "[CP] Embed Pods Frameworks";
			outputFileListPaths = (
				"${PODS_ROOT}/Target Support Files/Pods-RxSwift-Memo/Pods-RxSwift-Memo-frameworks-${CONFIGURATION}-output-files.xcfilelist",
			);
			runOnlyForDeploymentPostprocessing = 0;
			shellPath = /bin/sh;
			shellScript = "\"${PODS_ROOT}/Target Support Files/Pods-RxSwift-Memo/Pods-RxSwift-Memo-frameworks.sh\"\n";
			showEnvVarsInLog = 0;
		};
/* End PBXShellScriptBuildPhase section */

/* Begin PBXSourcesBuildPhase section */
		A5017685246EAFEE009FC64A /* Sources */ = {
			isa = PBXSourcesBuildPhase;
			buildActionMask = 2147483647;
			files = (
				A585F8432482C11500A60530 /* MemoListViewModel.swift in Sources */,
				A585F8472482C19100A60530 /* MemoListViewController.swift in Sources */,
				A5017697246EAFEF009FC64A /* RxSwift_Memo.xcdatamodeld in Sources */,
				A547029324854C690091CA55 /* Memo.swift in Sources */,
				A501768D246EAFEE009FC64A /* AppDelegate.swift in Sources */,
				A501768F246EAFEE009FC64A /* SceneDelegate.swift in Sources */,
			);
			runOnlyForDeploymentPostprocessing = 0;
		};
/* End PBXSourcesBuildPhase section */

/* Begin PBXVariantGroup section */
		A5017692246EAFEF009FC64A /* Main.storyboard */ = {
			isa = PBXVariantGroup;
			children = (
				A5017693246EAFEF009FC64A /* Base */,
			);
			name = Main.storyboard;
			sourceTree = "<group>";
		};
		A501769A246EAFF0009FC64A /* LaunchScreen.storyboard */ = {
			isa = PBXVariantGroup;
			children = (
				A501769B246EAFF0009FC64A /* Base */,
			);
			name = LaunchScreen.storyboard;
			sourceTree = "<group>";
		};
/* End PBXVariantGroup section */

/* Begin XCBuildConfiguration section */
		A501769E246EAFF0009FC64A /* Debug */ = {
			isa = XCBuildConfiguration;
			buildSettings = {
				ALWAYS_SEARCH_USER_PATHS = NO;
				CLANG_ANALYZER_NONNULL = YES;
				CLANG_ANALYZER_NUMBER_OBJECT_CONVERSION = YES_AGGRESSIVE;
				CLANG_CXX_LANGUAGE_STANDARD = "gnu++14";
				CLANG_CXX_LIBRARY = "libc++";
				CLANG_ENABLE_MODULES = YES;
				CLANG_ENABLE_OBJC_ARC = YES;
				CLANG_ENABLE_OBJC_WEAK = YES;
				CLANG_WARN_BLOCK_CAPTURE_AUTORELEASING = YES;
				CLANG_WARN_BOOL_CONVERSION = YES;
				CLANG_WARN_COMMA = YES;
				CLANG_WARN_CONSTANT_CONVERSION = YES;
				CLANG_WARN_DEPRECATED_OBJC_IMPLEMENTATIONS = YES;
				CLANG_WARN_DIRECT_OBJC_ISA_USAGE = YES_ERROR;
				CLANG_WARN_DOCUMENTATION_COMMENTS = YES;
				CLANG_WARN_EMPTY_BODY = YES;
				CLANG_WARN_ENUM_CONVERSION = YES;
				CLANG_WARN_INFINITE_RECURSION = YES;
				CLANG_WARN_INT_CONVERSION = YES;
				CLANG_WARN_NON_LITERAL_NULL_CONVERSION = YES;
				CLANG_WARN_OBJC_IMPLICIT_RETAIN_SELF = YES;
				CLANG_WARN_OBJC_LITERAL_CONVERSION = YES;
				CLANG_WARN_OBJC_ROOT_CLASS = YES_ERROR;
				CLANG_WARN_RANGE_LOOP_ANALYSIS = YES;
				CLANG_WARN_STRICT_PROTOTYPES = YES;
				CLANG_WARN_SUSPICIOUS_MOVE = YES;
				CLANG_WARN_UNGUARDED_AVAILABILITY = YES_AGGRESSIVE;
				CLANG_WARN_UNREACHABLE_CODE = YES;
				CLANG_WARN__DUPLICATE_METHOD_MATCH = YES;
				COPY_PHASE_STRIP = NO;
				DEBUG_INFORMATION_FORMAT = dwarf;
				ENABLE_STRICT_OBJC_MSGSEND = YES;
				ENABLE_TESTABILITY = YES;
				GCC_C_LANGUAGE_STANDARD = gnu11;
				GCC_DYNAMIC_NO_PIC = NO;
				GCC_NO_COMMON_BLOCKS = YES;
				GCC_OPTIMIZATION_LEVEL = 0;
				GCC_PREPROCESSOR_DEFINITIONS = (
					"DEBUG=1",
					"$(inherited)",
				);
				GCC_WARN_64_TO_32_BIT_CONVERSION = YES;
				GCC_WARN_ABOUT_RETURN_TYPE = YES_ERROR;
				GCC_WARN_UNDECLARED_SELECTOR = YES;
				GCC_WARN_UNINITIALIZED_AUTOS = YES_AGGRESSIVE;
				GCC_WARN_UNUSED_FUNCTION = YES;
				GCC_WARN_UNUSED_VARIABLE = YES;
				IPHONEOS_DEPLOYMENT_TARGET = 13.4;
				MTL_ENABLE_DEBUG_INFO = INCLUDE_SOURCE;
				MTL_FAST_MATH = YES;
				ONLY_ACTIVE_ARCH = YES;
				SDKROOT = iphoneos;
				SWIFT_ACTIVE_COMPILATION_CONDITIONS = DEBUG;
				SWIFT_OPTIMIZATION_LEVEL = "-Onone";
			};
			name = Debug;
		};
		A501769F246EAFF0009FC64A /* Release */ = {
			isa = XCBuildConfiguration;
			buildSettings = {
				ALWAYS_SEARCH_USER_PATHS = NO;
				CLANG_ANALYZER_NONNULL = YES;
				CLANG_ANALYZER_NUMBER_OBJECT_CONVERSION = YES_AGGRESSIVE;
				CLANG_CXX_LANGUAGE_STANDARD = "gnu++14";
				CLANG_CXX_LIBRARY = "libc++";
				CLANG_ENABLE_MODULES = YES;
				CLANG_ENABLE_OBJC_ARC = YES;
				CLANG_ENABLE_OBJC_WEAK = YES;
				CLANG_WARN_BLOCK_CAPTURE_AUTORELEASING = YES;
				CLANG_WARN_BOOL_CONVERSION = YES;
				CLANG_WARN_COMMA = YES;
				CLANG_WARN_CONSTANT_CONVERSION = YES;
				CLANG_WARN_DEPRECATED_OBJC_IMPLEMENTATIONS = YES;
				CLANG_WARN_DIRECT_OBJC_ISA_USAGE = YES_ERROR;
				CLANG_WARN_DOCUMENTATION_COMMENTS = YES;
				CLANG_WARN_EMPTY_BODY = YES;
				CLANG_WARN_ENUM_CONVERSION = YES;
				CLANG_WARN_INFINITE_RECURSION = YES;
				CLANG_WARN_INT_CONVERSION = YES;
				CLANG_WARN_NON_LITERAL_NULL_CONVERSION = YES;
				CLANG_WARN_OBJC_IMPLICIT_RETAIN_SELF = YES;
				CLANG_WARN_OBJC_LITERAL_CONVERSION = YES;
				CLANG_WARN_OBJC_ROOT_CLASS = YES_ERROR;
				CLANG_WARN_RANGE_LOOP_ANALYSIS = YES;
				CLANG_WARN_STRICT_PROTOTYPES = YES;
				CLANG_WARN_SUSPICIOUS_MOVE = YES;
				CLANG_WARN_UNGUARDED_AVAILABILITY = YES_AGGRESSIVE;
				CLANG_WARN_UNREACHABLE_CODE = YES;
				CLANG_WARN__DUPLICATE_METHOD_MATCH = YES;
				COPY_PHASE_STRIP = NO;
				DEBUG_INFORMATION_FORMAT = "dwarf-with-dsym";
				ENABLE_NS_ASSERTIONS = NO;
				ENABLE_STRICT_OBJC_MSGSEND = YES;
				GCC_C_LANGUAGE_STANDARD = gnu11;
				GCC_NO_COMMON_BLOCKS = YES;
				GCC_WARN_64_TO_32_BIT_CONVERSION = YES;
				GCC_WARN_ABOUT_RETURN_TYPE = YES_ERROR;
				GCC_WARN_UNDECLARED_SELECTOR = YES;
				GCC_WARN_UNINITIALIZED_AUTOS = YES_AGGRESSIVE;
				GCC_WARN_UNUSED_FUNCTION = YES;
				GCC_WARN_UNUSED_VARIABLE = YES;
				IPHONEOS_DEPLOYMENT_TARGET = 13.4;
				MTL_ENABLE_DEBUG_INFO = NO;
				MTL_FAST_MATH = YES;
				SDKROOT = iphoneos;
				SWIFT_COMPILATION_MODE = wholemodule;
				SWIFT_OPTIMIZATION_LEVEL = "-O";
				VALIDATE_PRODUCT = YES;
			};
			name = Release;
		};
		A50176A1246EAFF0009FC64A /* Debug */ = {
			isa = XCBuildConfiguration;
			baseConfigurationReference = 511D8E1B819E020FB5AF7E3B /* Pods-RxSwift-Memo.debug.xcconfig */;
			buildSettings = {
				ASSETCATALOG_COMPILER_APPICON_NAME = AppIcon;
				CODE_SIGN_STYLE = Automatic;
				DEVELOPMENT_TEAM = TG4L9MF5FD;
				INFOPLIST_FILE = "RxSwift-Memo/Info.plist";
				LD_RUNPATH_SEARCH_PATHS = (
					"$(inherited)",
					"@executable_path/Frameworks",
				);
				PRODUCT_BUNDLE_IDENTIFIER = "com.onceagain.RxSwift-Memo";
				PRODUCT_NAME = "$(TARGET_NAME)";
				SWIFT_VERSION = 5.0;
				TARGETED_DEVICE_FAMILY = "1,2";
			};
			name = Debug;
		};
		A50176A2246EAFF0009FC64A /* Release */ = {
			isa = XCBuildConfiguration;
			baseConfigurationReference = DF3C68BD3A12BE11D0DC25BD /* Pods-RxSwift-Memo.release.xcconfig */;
			buildSettings = {
				ASSETCATALOG_COMPILER_APPICON_NAME = AppIcon;
				CODE_SIGN_STYLE = Automatic;
				DEVELOPMENT_TEAM = TG4L9MF5FD;
				INFOPLIST_FILE = "RxSwift-Memo/Info.plist";
				LD_RUNPATH_SEARCH_PATHS = (
					"$(inherited)",
					"@executable_path/Frameworks",
				);
				PRODUCT_BUNDLE_IDENTIFIER = "com.onceagain.RxSwift-Memo";
				PRODUCT_NAME = "$(TARGET_NAME)";
				SWIFT_VERSION = 5.0;
				TARGETED_DEVICE_FAMILY = "1,2";
			};
			name = Release;
		};
/* End XCBuildConfiguration section */

/* Begin XCConfigurationList section */
		A5017684246EAFEE009FC64A /* Build configuration list for PBXProject "RxSwift-Memo" */ = {
			isa = XCConfigurationList;
			buildConfigurations = (
				A501769E246EAFF0009FC64A /* Debug */,
				A501769F246EAFF0009FC64A /* Release */,
			);
			defaultConfigurationIsVisible = 0;
			defaultConfigurationName = Release;
		};
		A50176A0246EAFF0009FC64A /* Build configuration list for PBXNativeTarget "RxSwift-Memo" */ = {
			isa = XCConfigurationList;
			buildConfigurations = (
				A50176A1246EAFF0009FC64A /* Debug */,
				A50176A2246EAFF0009FC64A /* Release */,
			);
			defaultConfigurationIsVisible = 0;
			defaultConfigurationName = Release;
		};
/* End XCConfigurationList section */

/* Begin XCVersionGroup section */
		A5017695246EAFEF009FC64A /* RxSwift_Memo.xcdatamodeld */ = {
			isa = XCVersionGroup;
			children = (
				A5017696246EAFEF009FC64A /* RxSwift_Memo.xcdatamodel */,
			);
			currentVersion = A5017696246EAFEF009FC64A /* RxSwift_Memo.xcdatamodel */;
			path = RxSwift_Memo.xcdatamodeld;
			sourceTree = "<group>";
			versionGroupType = wrapper.xcdatamodel;
		};
/* End XCVersionGroup section */
	};
	rootObject = A5017681246EAFEE009FC64A /* Project object */;
}
