// !$*UTF8*$!
{
	archiveVersion = 1;
	classes = {
	};
	objectVersion = 50;
	objects = {

/* Begin PBXBuildFile section */
		4098497C00FDC16DA54E28A2 /* Pods_iOS_KakaoAddress.framework in Frameworks */ = {isa = PBXBuildFile; fileRef = 2A59A200DE029F9715A7BD05 /* Pods_iOS_KakaoAddress.framework */; };
		A524BE6C2472A8AD0023518C /* AppDelegate.swift in Sources */ = {isa = PBXBuildFile; fileRef = A524BE6B2472A8AD0023518C /* AppDelegate.swift */; };
		A524BE6E2472A8AD0023518C /* SceneDelegate.swift in Sources */ = {isa = PBXBuildFile; fileRef = A524BE6D2472A8AD0023518C /* SceneDelegate.swift */; };
		A524BE702472A8AD0023518C /* ViewController.swift in Sources */ = {isa = PBXBuildFile; fileRef = A524BE6F2472A8AD0023518C /* ViewController.swift */; };
		A524BE732472A8AD0023518C /* Main.storyboard in Resources */ = {isa = PBXBuildFile; fileRef = A524BE712472A8AD0023518C /* Main.storyboard */; };
		A524BE762472A8AD0023518C /* iOS_KakaoAddress.xcdatamodeld in Sources */ = {isa = PBXBuildFile; fileRef = A524BE742472A8AD0023518C /* iOS_KakaoAddress.xcdatamodeld */; };
		A524BE782472A8AE0023518C /* Assets.xcassets in Resources */ = {isa = PBXBuildFile; fileRef = A524BE772472A8AE0023518C /* Assets.xcassets */; };
		A524BE7B2472A8AE0023518C /* LaunchScreen.storyboard in Resources */ = {isa = PBXBuildFile; fileRef = A524BE792472A8AE0023518C /* LaunchScreen.storyboard */; };
/* End PBXBuildFile section */

/* Begin PBXFileReference section */
		2A59A200DE029F9715A7BD05 /* Pods_iOS_KakaoAddress.framework */ = {isa = PBXFileReference; explicitFileType = wrapper.framework; includeInIndex = 0; path = Pods_iOS_KakaoAddress.framework; sourceTree = BUILT_PRODUCTS_DIR; };
		A524BE682472A8AD0023518C /* iOS-KakaoAddress.app */ = {isa = PBXFileReference; explicitFileType = wrapper.application; includeInIndex = 0; path = "iOS-KakaoAddress.app"; sourceTree = BUILT_PRODUCTS_DIR; };
		A524BE6B2472A8AD0023518C /* AppDelegate.swift */ = {isa = PBXFileReference; lastKnownFileType = sourcecode.swift; path = AppDelegate.swift; sourceTree = "<group>"; };
		A524BE6D2472A8AD0023518C /* SceneDelegate.swift */ = {isa = PBXFileReference; lastKnownFileType = sourcecode.swift; path = SceneDelegate.swift; sourceTree = "<group>"; };
		A524BE6F2472A8AD0023518C /* ViewController.swift */ = {isa = PBXFileReference; lastKnownFileType = sourcecode.swift; path = ViewController.swift; sourceTree = "<group>"; };
		A524BE722472A8AD0023518C /* Base */ = {isa = PBXFileReference; lastKnownFileType = file.storyboard; name = Base; path = Base.lproj/Main.storyboard; sourceTree = "<group>"; };
		A524BE752472A8AD0023518C /* iOS_KakaoAddress.xcdatamodel */ = {isa = PBXFileReference; lastKnownFileType = wrapper.xcdatamodel; path = iOS_KakaoAddress.xcdatamodel; sourceTree = "<group>"; };
		A524BE772472A8AE0023518C /* Assets.xcassets */ = {isa = PBXFileReference; lastKnownFileType = folder.assetcatalog; path = Assets.xcassets; sourceTree = "<group>"; };
		A524BE7A2472A8AE0023518C /* Base */ = {isa = PBXFileReference; lastKnownFileType = file.storyboard; name = Base; path = Base.lproj/LaunchScreen.storyboard; sourceTree = "<group>"; };
		A524BE7C2472A8AE0023518C /* Info.plist */ = {isa = PBXFileReference; lastKnownFileType = text.plist.xml; path = Info.plist; sourceTree = "<group>"; };
		B491FD582A989208CBEFCB07 /* Pods-iOS-KakaoAddress.release.xcconfig */ = {isa = PBXFileReference; includeInIndex = 1; lastKnownFileType = text.xcconfig; name = "Pods-iOS-KakaoAddress.release.xcconfig"; path = "Target Support Files/Pods-iOS-KakaoAddress/Pods-iOS-KakaoAddress.release.xcconfig"; sourceTree = "<group>"; };
		F5F568A78F2BB71FDBA8530C /* Pods-iOS-KakaoAddress.debug.xcconfig */ = {isa = PBXFileReference; includeInIndex = 1; lastKnownFileType = text.xcconfig; name = "Pods-iOS-KakaoAddress.debug.xcconfig"; path = "Target Support Files/Pods-iOS-KakaoAddress/Pods-iOS-KakaoAddress.debug.xcconfig"; sourceTree = "<group>"; };
/* End PBXFileReference section */

/* Begin PBXFrameworksBuildPhase section */
		A524BE652472A8AD0023518C /* Frameworks */ = {
			isa = PBXFrameworksBuildPhase;
			buildActionMask = 2147483647;
			files = (
				4098497C00FDC16DA54E28A2 /* Pods_iOS_KakaoAddress.framework in Frameworks */,
			);
			runOnlyForDeploymentPostprocessing = 0;
		};
/* End PBXFrameworksBuildPhase section */

/* Begin PBXGroup section */
		30B8A1037B1D183B345082AF /* Pods */ = {
			isa = PBXGroup;
			children = (
				F5F568A78F2BB71FDBA8530C /* Pods-iOS-KakaoAddress.debug.xcconfig */,
				B491FD582A989208CBEFCB07 /* Pods-iOS-KakaoAddress.release.xcconfig */,
			);
			name = Pods;
			path = Pods;
			sourceTree = "<group>";
		};
		A45862835FFE845446028C1F /* Frameworks */ = {
			isa = PBXGroup;
			children = (
				2A59A200DE029F9715A7BD05 /* Pods_iOS_KakaoAddress.framework */,
			);
			name = Frameworks;
			sourceTree = "<group>";
		};
		A524BE5F2472A8AD0023518C = {
			isa = PBXGroup;
			children = (
				A524BE6A2472A8AD0023518C /* iOS-KakaoAddress */,
				A524BE692472A8AD0023518C /* Products */,
				30B8A1037B1D183B345082AF /* Pods */,
				A45862835FFE845446028C1F /* Frameworks */,
			);
			sourceTree = "<group>";
		};
		A524BE692472A8AD0023518C /* Products */ = {
			isa = PBXGroup;
			children = (
				A524BE682472A8AD0023518C /* iOS-KakaoAddress.app */,
			);
			name = Products;
			sourceTree = "<group>";
		};
		A524BE6A2472A8AD0023518C /* iOS-KakaoAddress */ = {
			isa = PBXGroup;
			children = (
				A524BE6B2472A8AD0023518C /* AppDelegate.swift */,
				A524BE6D2472A8AD0023518C /* SceneDelegate.swift */,
				A524BE6F2472A8AD0023518C /* ViewController.swift */,
				A524BE712472A8AD0023518C /* Main.storyboard */,
				A524BE772472A8AE0023518C /* Assets.xcassets */,
				A524BE792472A8AE0023518C /* LaunchScreen.storyboard */,
				A524BE7C2472A8AE0023518C /* Info.plist */,
				A524BE742472A8AD0023518C /* iOS_KakaoAddress.xcdatamodeld */,
			);
			path = "iOS-KakaoAddress";
			sourceTree = "<group>";
		};
/* End PBXGroup section */

/* Begin PBXNativeTarget section */
		A524BE672472A8AD0023518C /* iOS-KakaoAddress */ = {
			isa = PBXNativeTarget;
			buildConfigurationList = A524BE7F2472A8AE0023518C /* Build configuration list for PBXNativeTarget "iOS-KakaoAddress" */;
			buildPhases = (
				70A1F79BB755A47582165389 /* [CP] Check Pods Manifest.lock */,
				A524BE642472A8AD0023518C /* Sources */,
				A524BE652472A8AD0023518C /* Frameworks */,
				A524BE662472A8AD0023518C /* Resources */,
				1734C5E3C59C9B4844C4487F /* [CP] Embed Pods Frameworks */,
			);
			buildRules = (
			);
			dependencies = (
			);
			name = "iOS-KakaoAddress";
			productName = "iOS-KakaoAddress";
			productReference = A524BE682472A8AD0023518C /* iOS-KakaoAddress.app */;
			productType = "com.apple.product-type.application";
		};
/* End PBXNativeTarget section */

/* Begin PBXProject section */
		A524BE602472A8AD0023518C /* Project object */ = {
			isa = PBXProject;
			attributes = {
				LastSwiftUpdateCheck = 1140;
				LastUpgradeCheck = 1140;
				ORGANIZATIONNAME = once;
				TargetAttributes = {
					A524BE672472A8AD0023518C = {
						CreatedOnToolsVersion = 11.4.1;
					};
				};
			};
			buildConfigurationList = A524BE632472A8AD0023518C /* Build configuration list for PBXProject "iOS-KakaoAddress" */;
			compatibilityVersion = "Xcode 9.3";
			developmentRegion = en;
			hasScannedForEncodings = 0;
			knownRegions = (
				en,
				Base,
			);
			mainGroup = A524BE5F2472A8AD0023518C;
			productRefGroup = A524BE692472A8AD0023518C /* Products */;
			projectDirPath = "";
			projectRoot = "";
			targets = (
				A524BE672472A8AD0023518C /* iOS-KakaoAddress */,
			);
		};
/* End PBXProject section */

/* Begin PBXResourcesBuildPhase section */
		A524BE662472A8AD0023518C /* Resources */ = {
			isa = PBXResourcesBuildPhase;
			buildActionMask = 2147483647;
			files = (
				A524BE7B2472A8AE0023518C /* LaunchScreen.storyboard in Resources */,
				A524BE782472A8AE0023518C /* Assets.xcassets in Resources */,
				A524BE732472A8AD0023518C /* Main.storyboard in Resources */,
			);
			runOnlyForDeploymentPostprocessing = 0;
		};
/* End PBXResourcesBuildPhase section */

/* Begin PBXShellScriptBuildPhase section */
		1734C5E3C59C9B4844C4487F /* [CP] Embed Pods Frameworks */ = {
			isa = PBXShellScriptBuildPhase;
			buildActionMask = 2147483647;
			files = (
			);
			inputFileListPaths = (
				"${PODS_ROOT}/Target Support Files/Pods-iOS-KakaoAddress/Pods-iOS-KakaoAddress-frameworks-${CONFIGURATION}-input-files.xcfilelist",
			);
			name = "[CP] Embed Pods Frameworks";
			outputFileListPaths = (
				"${PODS_ROOT}/Target Support Files/Pods-iOS-KakaoAddress/Pods-iOS-KakaoAddress-frameworks-${CONFIGURATION}-output-files.xcfilelist",
			);
			runOnlyForDeploymentPostprocessing = 0;
			shellPath = /bin/sh;
			shellScript = "\"${PODS_ROOT}/Target Support Files/Pods-iOS-KakaoAddress/Pods-iOS-KakaoAddress-frameworks.sh\"\n";
			showEnvVarsInLog = 0;
		};
		70A1F79BB755A47582165389 /* [CP] Check Pods Manifest.lock */ = {
			isa = PBXShellScriptBuildPhase;
			buildActionMask = 2147483647;
			files = (
			);
			inputFileListPaths = (
			);
			inputPaths = (
				"${PODS_PODFILE_DIR_PATH}/Podfile.lock",
				"${PODS_ROOT}/Manifest.lock",
			);
			name = "[CP] Check Pods Manifest.lock";
			outputFileListPaths = (
			);
			outputPaths = (
				"$(DERIVED_FILE_DIR)/Pods-iOS-KakaoAddress-checkManifestLockResult.txt",
			);
			runOnlyForDeploymentPostprocessing = 0;
			shellPath = /bin/sh;
			shellScript = "diff \"${PODS_PODFILE_DIR_PATH}/Podfile.lock\" \"${PODS_ROOT}/Manifest.lock\" > /dev/null\nif [ $? != 0 ] ; then\n    # print error to STDERR\n    echo \"error: The sandbox is not in sync with the Podfile.lock. Run 'pod install' or update your CocoaPods installation.\" >&2\n    exit 1\nfi\n# This output is used by Xcode 'outputs' to avoid re-running this script phase.\necho \"SUCCESS\" > \"${SCRIPT_OUTPUT_FILE_0}\"\n";
			showEnvVarsInLog = 0;
		};
/* End PBXShellScriptBuildPhase section */

/* Begin PBXSourcesBuildPhase section */
		A524BE642472A8AD0023518C /* Sources */ = {
			isa = PBXSourcesBuildPhase;
			buildActionMask = 2147483647;
			files = (
				A524BE762472A8AD0023518C /* iOS_KakaoAddress.xcdatamodeld in Sources */,
				A524BE702472A8AD0023518C /* ViewController.swift in Sources */,
				A524BE6C2472A8AD0023518C /* AppDelegate.swift in Sources */,
				A524BE6E2472A8AD0023518C /* SceneDelegate.swift in Sources */,
			);
			runOnlyForDeploymentPostprocessing = 0;
		};
/* End PBXSourcesBuildPhase section */

/* Begin PBXVariantGroup section */
		A524BE712472A8AD0023518C /* Main.storyboard */ = {
			isa = PBXVariantGroup;
			children = (
				A524BE722472A8AD0023518C /* Base */,
			);
			name = Main.storyboard;
			sourceTree = "<group>";
		};
		A524BE792472A8AE0023518C /* LaunchScreen.storyboard */ = {
			isa = PBXVariantGroup;
			children = (
				A524BE7A2472A8AE0023518C /* Base */,
			);
			name = LaunchScreen.storyboard;
			sourceTree = "<group>";
		};
/* End PBXVariantGroup section */

/* Begin XCBuildConfiguration section */
		A524BE7D2472A8AE0023518C /* Debug */ = {
			isa = XCBuildConfiguration;
			buildSettings = {
				ALWAYS_SEARCH_USER_PATHS = NO;
				CLANG_ANALYZER_NONNULL = YES;
				CLANG_ANALYZER_NUMBER_OBJECT_CONVERSION = YES_AGGRESSIVE;
				CLANG_CXX_LANGUAGE_STANDARD = "gnu++14";
				CLANG_CXX_LIBRARY = "libc++";
				CLANG_ENABLE_MODULES = YES;
				CLANG_ENABLE_OBJC_ARC = YES;
				CLANG_ENABLE_OBJC_WEAK = YES;
				CLANG_WARN_BLOCK_CAPTURE_AUTORELEASING = YES;
				CLANG_WARN_BOOL_CONVERSION = YES;
				CLANG_WARN_COMMA = YES;
				CLANG_WARN_CONSTANT_CONVERSION = YES;
				CLANG_WARN_DEPRECATED_OBJC_IMPLEMENTATIONS = YES;
				CLANG_WARN_DIRECT_OBJC_ISA_USAGE = YES_ERROR;
				CLANG_WARN_DOCUMENTATION_COMMENTS = YES;
				CLANG_WARN_EMPTY_BODY = YES;
				CLANG_WARN_ENUM_CONVERSION = YES;
				CLANG_WARN_INFINITE_RECURSION = YES;
				CLANG_WARN_INT_CONVERSION = YES;
				CLANG_WARN_NON_LITERAL_NULL_CONVERSION = YES;
				CLANG_WARN_OBJC_IMPLICIT_RETAIN_SELF = YES;
				CLANG_WARN_OBJC_LITERAL_CONVERSION = YES;
				CLANG_WARN_OBJC_ROOT_CLASS = YES_ERROR;
				CLANG_WARN_RANGE_LOOP_ANALYSIS = YES;
				CLANG_WARN_STRICT_PROTOTYPES = YES;
				CLANG_WARN_SUSPICIOUS_MOVE = YES;
				CLANG_WARN_UNGUARDED_AVAILABILITY = YES_AGGRESSIVE;
				CLANG_WARN_UNREACHABLE_CODE = YES;
				CLANG_WARN__DUPLICATE_METHOD_MATCH = YES;
				COPY_PHASE_STRIP = NO;
				DEBUG_INFORMATION_FORMAT = dwarf;
				ENABLE_STRICT_OBJC_MSGSEND = YES;
				ENABLE_TESTABILITY = YES;
				GCC_C_LANGUAGE_STANDARD = gnu11;
				GCC_DYNAMIC_NO_PIC = NO;
				GCC_NO_COMMON_BLOCKS = YES;
				GCC_OPTIMIZATION_LEVEL = 0;
				GCC_PREPROCESSOR_DEFINITIONS = (
					"DEBUG=1",
					"$(inherited)",
				);
				GCC_WARN_64_TO_32_BIT_CONVERSION = YES;
				GCC_WARN_ABOUT_RETURN_TYPE = YES_ERROR;
				GCC_WARN_UNDECLARED_SELECTOR = YES;
				GCC_WARN_UNINITIALIZED_AUTOS = YES_AGGRESSIVE;
				GCC_WARN_UNUSED_FUNCTION = YES;
				GCC_WARN_UNUSED_VARIABLE = YES;
				IPHONEOS_DEPLOYMENT_TARGET = 13.4;
				MTL_ENABLE_DEBUG_INFO = INCLUDE_SOURCE;
				MTL_FAST_MATH = YES;
				ONLY_ACTIVE_ARCH = YES;
				SDKROOT = iphoneos;
				SWIFT_ACTIVE_COMPILATION_CONDITIONS = DEBUG;
				SWIFT_OPTIMIZATION_LEVEL = "-Onone";
			};
			name = Debug;
		};
		A524BE7E2472A8AE0023518C /* Release */ = {
			isa = XCBuildConfiguration;
			buildSettings = {
				ALWAYS_SEARCH_USER_PATHS = NO;
				CLANG_ANALYZER_NONNULL = YES;
				CLANG_ANALYZER_NUMBER_OBJECT_CONVERSION = YES_AGGRESSIVE;
				CLANG_CXX_LANGUAGE_STANDARD = "gnu++14";
				CLANG_CXX_LIBRARY = "libc++";
				CLANG_ENABLE_MODULES = YES;
				CLANG_ENABLE_OBJC_ARC = YES;
				CLANG_ENABLE_OBJC_WEAK = YES;
				CLANG_WARN_BLOCK_CAPTURE_AUTORELEASING = YES;
				CLANG_WARN_BOOL_CONVERSION = YES;
				CLANG_WARN_COMMA = YES;
				CLANG_WARN_CONSTANT_CONVERSION = YES;
				CLANG_WARN_DEPRECATED_OBJC_IMPLEMENTATIONS = YES;
				CLANG_WARN_DIRECT_OBJC_ISA_USAGE = YES_ERROR;
				CLANG_WARN_DOCUMENTATION_COMMENTS = YES;
				CLANG_WARN_EMPTY_BODY = YES;
				CLANG_WARN_ENUM_CONVERSION = YES;
				CLANG_WARN_INFINITE_RECURSION = YES;
				CLANG_WARN_INT_CONVERSION = YES;
				CLANG_WARN_NON_LITERAL_NULL_CONVERSION = YES;
				CLANG_WARN_OBJC_IMPLICIT_RETAIN_SELF = YES;
				CLANG_WARN_OBJC_LITERAL_CONVERSION = YES;
				CLANG_WARN_OBJC_ROOT_CLASS = YES_ERROR;
				CLANG_WARN_RANGE_LOOP_ANALYSIS = YES;
				CLANG_WARN_STRICT_PROTOTYPES = YES;
				CLANG_WARN_SUSPICIOUS_MOVE = YES;
				CLANG_WARN_UNGUARDED_AVAILABILITY = YES_AGGRESSIVE;
				CLANG_WARN_UNREACHABLE_CODE = YES;
				CLANG_WARN__DUPLICATE_METHOD_MATCH = YES;
				COPY_PHASE_STRIP = NO;
				DEBUG_INFORMATION_FORMAT = "dwarf-with-dsym";
				ENABLE_NS_ASSERTIONS = NO;
				ENABLE_STRICT_OBJC_MSGSEND = YES;
				GCC_C_LANGUAGE_STANDARD = gnu11;
				GCC_NO_COMMON_BLOCKS = YES;
				GCC_WARN_64_TO_32_BIT_CONVERSION = YES;
				GCC_WARN_ABOUT_RETURN_TYPE = YES_ERROR;
				GCC_WARN_UNDECLARED_SELECTOR = YES;
				GCC_WARN_UNINITIALIZED_AUTOS = YES_AGGRESSIVE;
				GCC_WARN_UNUSED_FUNCTION = YES;
				GCC_WARN_UNUSED_VARIABLE = YES;
				IPHONEOS_DEPLOYMENT_TARGET = 13.4;
				MTL_ENABLE_DEBUG_INFO = NO;
				MTL_FAST_MATH = YES;
				SDKROOT = iphoneos;
				SWIFT_COMPILATION_MODE = wholemodule;
				SWIFT_OPTIMIZATION_LEVEL = "-O";
				VALIDATE_PRODUCT = YES;
			};
			name = Release;
		};
		A524BE802472A8AE0023518C /* Debug */ = {
			isa = XCBuildConfiguration;
			baseConfigurationReference = F5F568A78F2BB71FDBA8530C /* Pods-iOS-KakaoAddress.debug.xcconfig */;
			buildSettings = {
				ASSETCATALOG_COMPILER_APPICON_NAME = AppIcon;
				CODE_SIGN_STYLE = Automatic;
				DEVELOPMENT_TEAM = TG4L9MF5FD;
				INFOPLIST_FILE = "iOS-KakaoAddress/Info.plist";
				LD_RUNPATH_SEARCH_PATHS = (
					"$(inherited)",
					"@executable_path/Frameworks",
				);
				PRODUCT_BUNDLE_IDENTIFIER = "com.onceagain.iOS-KakaoAddress";
				PRODUCT_NAME = "$(TARGET_NAME)";
				SWIFT_VERSION = 5.0;
				TARGETED_DEVICE_FAMILY = "1,2";
			};
			name = Debug;
		};
		A524BE812472A8AE0023518C /* Release */ = {
			isa = XCBuildConfiguration;
			baseConfigurationReference = B491FD582A989208CBEFCB07 /* Pods-iOS-KakaoAddress.release.xcconfig */;
			buildSettings = {
				ASSETCATALOG_COMPILER_APPICON_NAME = AppIcon;
				CODE_SIGN_STYLE = Automatic;
				DEVELOPMENT_TEAM = TG4L9MF5FD;
				INFOPLIST_FILE = "iOS-KakaoAddress/Info.plist";
				LD_RUNPATH_SEARCH_PATHS = (
					"$(inherited)",
					"@executable_path/Frameworks",
				);
				PRODUCT_BUNDLE_IDENTIFIER = "com.onceagain.iOS-KakaoAddress";
				PRODUCT_NAME = "$(TARGET_NAME)";
				SWIFT_VERSION = 5.0;
				TARGETED_DEVICE_FAMILY = "1,2";
			};
			name = Release;
		};
/* End XCBuildConfiguration section */

/* Begin XCConfigurationList section */
		A524BE632472A8AD0023518C /* Build configuration list for PBXProject "iOS-KakaoAddress" */ = {
			isa = XCConfigurationList;
			buildConfigurations = (
				A524BE7D2472A8AE0023518C /* Debug */,
				A524BE7E2472A8AE0023518C /* Release */,
			);
			defaultConfigurationIsVisible = 0;
			defaultConfigurationName = Release;
		};
		A524BE7F2472A8AE0023518C /* Build configuration list for PBXNativeTarget "iOS-KakaoAddress" */ = {
			isa = XCConfigurationList;
			buildConfigurations = (
				A524BE802472A8AE0023518C /* Debug */,
				A524BE812472A8AE0023518C /* Release */,
			);
			defaultConfigurationIsVisible = 0;
			defaultConfigurationName = Release;
		};
/* End XCConfigurationList section */

/* Begin XCVersionGroup section */
		A524BE742472A8AD0023518C /* iOS_KakaoAddress.xcdatamodeld */ = {
			isa = XCVersionGroup;
			children = (
				A524BE752472A8AD0023518C /* iOS_KakaoAddress.xcdatamodel */,
			);
			currentVersion = A524BE752472A8AD0023518C /* iOS_KakaoAddress.xcdatamodel */;
			path = iOS_KakaoAddress.xcdatamodeld;
			sourceTree = "<group>";
			versionGroupType = wrapper.xcdatamodel;
		};
/* End XCVersionGroup section */
	};
	rootObject = A524BE602472A8AD0023518C /* Project object */;
}
