// !$*UTF8*$!
{
	archiveVersion = 1;
	classes = {
	};
	objectVersion = 50;
	objects = {

/* Begin PBXBuildFile section */
		A5F324C12469826600B6FF0B /* AppDelegate.swift in Sources */ = {isa = PBXBuildFile; fileRef = A5F324C02469826600B6FF0B /* AppDelegate.swift */; };
		A5F324C32469826600B6FF0B /* SceneDelegate.swift in Sources */ = {isa = PBXBuildFile; fileRef = A5F324C22469826600B6FF0B /* SceneDelegate.swift */; };
		A5F324C52469826600B6FF0B /* ViewController.swift in Sources */ = {isa = PBXBuildFile; fileRef = A5F324C42469826600B6FF0B /* ViewController.swift */; };
		A5F324C82469826600B6FF0B /* Main.storyboard in Resources */ = {isa = PBXBuildFile; fileRef = A5F324C62469826600B6FF0B /* Main.storyboard */; };
		A5F324CB2469826600B6FF0B /* AppleLoginTest.xcdatamodeld in Sources */ = {isa = PBXBuildFile; fileRef = A5F324C92469826600B6FF0B /* AppleLoginTest.xcdatamodeld */; };
		A5F324CD2469826700B6FF0B /* Assets.xcassets in Resources */ = {isa = PBXBuildFile; fileRef = A5F324CC2469826700B6FF0B /* Assets.xcassets */; };
		A5F324D02469826700B6FF0B /* LaunchScreen.storyboard in Resources */ = {isa = PBXBuildFile; fileRef = A5F324CE2469826700B6FF0B /* LaunchScreen.storyboard */; };
/* End PBXBuildFile section */

/* Begin PBXFileReference section */
		A5F324BD2469826600B6FF0B /* AppleLoginTest.app */ = {isa = PBXFileReference; explicitFileType = wrapper.application; includeInIndex = 0; path = AppleLoginTest.app; sourceTree = BUILT_PRODUCTS_DIR; };
		A5F324C02469826600B6FF0B /* AppDelegate.swift */ = {isa = PBXFileReference; lastKnownFileType = sourcecode.swift; path = AppDelegate.swift; sourceTree = "<group>"; };
		A5F324C22469826600B6FF0B /* SceneDelegate.swift */ = {isa = PBXFileReference; lastKnownFileType = sourcecode.swift; path = SceneDelegate.swift; sourceTree = "<group>"; };
		A5F324C42469826600B6FF0B /* ViewController.swift */ = {isa = PBXFileReference; lastKnownFileType = sourcecode.swift; path = ViewController.swift; sourceTree = "<group>"; };
		A5F324C72469826600B6FF0B /* Base */ = {isa = PBXFileReference; lastKnownFileType = file.storyboard; name = Base; path = Base.lproj/Main.storyboard; sourceTree = "<group>"; };
		A5F324CA2469826600B6FF0B /* AppleLoginTest.xcdatamodel */ = {isa = PBXFileReference; lastKnownFileType = wrapper.xcdatamodel; path = AppleLoginTest.xcdatamodel; sourceTree = "<group>"; };
		A5F324CC2469826700B6FF0B /* Assets.xcassets */ = {isa = PBXFileReference; lastKnownFileType = folder.assetcatalog; path = Assets.xcassets; sourceTree = "<group>"; };
		A5F324CF2469826700B6FF0B /* Base */ = {isa = PBXFileReference; lastKnownFileType = file.storyboard; name = Base; path = Base.lproj/LaunchScreen.storyboard; sourceTree = "<group>"; };
		A5F324D12469826700B6FF0B /* Info.plist */ = {isa = PBXFileReference; lastKnownFileType = text.plist.xml; path = Info.plist; sourceTree = "<group>"; };
/* End PBXFileReference section */

/* Begin PBXFrameworksBuildPhase section */
		A5F324BA2469826600B6FF0B /* Frameworks */ = {
			isa = PBXFrameworksBuildPhase;
			buildActionMask = 2147483647;
			files = (
			);
			runOnlyForDeploymentPostprocessing = 0;
		};
/* End PBXFrameworksBuildPhase section */

/* Begin PBXGroup section */
		A5F324B42469826600B6FF0B = {
			isa = PBXGroup;
			children = (
				A5F324BF2469826600B6FF0B /* AppleLoginTest */,
				A5F324BE2469826600B6FF0B /* Products */,
			);
			sourceTree = "<group>";
		};
		A5F324BE2469826600B6FF0B /* Products */ = {
			isa = PBXGroup;
			children = (
				A5F324BD2469826600B6FF0B /* AppleLoginTest.app */,
			);
			name = Products;
			sourceTree = "<group>";
		};
		A5F324BF2469826600B6FF0B /* AppleLoginTest */ = {
			isa = PBXGroup;
			children = (
				A5F324C02469826600B6FF0B /* AppDelegate.swift */,
				A5F324C22469826600B6FF0B /* SceneDelegate.swift */,
				A5F324C42469826600B6FF0B /* ViewController.swift */,
				A5F324C62469826600B6FF0B /* Main.storyboard */,
				A5F324CC2469826700B6FF0B /* Assets.xcassets */,
				A5F324CE2469826700B6FF0B /* LaunchScreen.storyboard */,
				A5F324D12469826700B6FF0B /* Info.plist */,
				A5F324C92469826600B6FF0B /* AppleLoginTest.xcdatamodeld */,
			);
			path = AppleLoginTest;
			sourceTree = "<group>";
		};
/* End PBXGroup section */

/* Begin PBXNativeTarget section */
		A5F324BC2469826600B6FF0B /* AppleLoginTest */ = {
			isa = PBXNativeTarget;
			buildConfigurationList = A5F324D42469826700B6FF0B /* Build configuration list for PBXNativeTarget "AppleLoginTest" */;
			buildPhases = (
				A5F324B92469826600B6FF0B /* Sources */,
				A5F324BA2469826600B6FF0B /* Frameworks */,
				A5F324BB2469826600B6FF0B /* Resources */,
			);
			buildRules = (
			);
			dependencies = (
			);
			name = AppleLoginTest;
			productName = AppleLoginTest;
			productReference = A5F324BD2469826600B6FF0B /* AppleLoginTest.app */;
			productType = "com.apple.product-type.application";
		};
/* End PBXNativeTarget section */

/* Begin PBXProject section */
		A5F324B52469826600B6FF0B /* Project object */ = {
			isa = PBXProject;
			attributes = {
				LastSwiftUpdateCheck = 1140;
				LastUpgradeCheck = 1140;
				ORGANIZATIONNAME = once;
				TargetAttributes = {
					A5F324BC2469826600B6FF0B = {
						CreatedOnToolsVersion = 11.4.1;
					};
				};
			};
			buildConfigurationList = A5F324B82469826600B6FF0B /* Build configuration list for PBXProject "AppleLoginTest" */;
			compatibilityVersion = "Xcode 9.3";
			developmentRegion = en;
			hasScannedForEncodings = 0;
			knownRegions = (
				en,
				Base,
			);
			mainGroup = A5F324B42469826600B6FF0B;
			productRefGroup = A5F324BE2469826600B6FF0B /* Products */;
			projectDirPath = "";
			projectRoot = "";
			targets = (
				A5F324BC2469826600B6FF0B /* AppleLoginTest */,
			);
		};
/* End PBXProject section */

/* Begin PBXResourcesBuildPhase section */
		A5F324BB2469826600B6FF0B /* Resources */ = {
			isa = PBXResourcesBuildPhase;
			buildActionMask = 2147483647;
			files = (
				A5F324D02469826700B6FF0B /* LaunchScreen.storyboard in Resources */,
				A5F324CD2469826700B6FF0B /* Assets.xcassets in Resources */,
				A5F324C82469826600B6FF0B /* Main.storyboard in Resources */,
			);
			runOnlyForDeploymentPostprocessing = 0;
		};
/* End PBXResourcesBuildPhase section */

/* Begin PBXSourcesBuildPhase section */
		A5F324B92469826600B6FF0B /* Sources */ = {
			isa = PBXSourcesBuildPhase;
			buildActionMask = 2147483647;
			files = (
				A5F324C52469826600B6FF0B /* ViewController.swift in Sources */,
				A5F324C12469826600B6FF0B /* AppDelegate.swift in Sources */,
				A5F324CB2469826600B6FF0B /* AppleLoginTest.xcdatamodeld in Sources */,
				A5F324C32469826600B6FF0B /* SceneDelegate.swift in Sources */,
			);
			runOnlyForDeploymentPostprocessing = 0;
		};
/* End PBXSourcesBuildPhase section */

/* Begin PBXVariantGroup section */
		A5F324C62469826600B6FF0B /* Main.storyboard */ = {
			isa = PBXVariantGroup;
			children = (
				A5F324C72469826600B6FF0B /* Base */,
			);
			name = Main.storyboard;
			sourceTree = "<group>";
		};
		A5F324CE2469826700B6FF0B /* LaunchScreen.storyboard */ = {
			isa = PBXVariantGroup;
			children = (
				A5F324CF2469826700B6FF0B /* Base */,
			);
			name = LaunchScreen.storyboard;
			sourceTree = "<group>";
		};
/* End PBXVariantGroup section */

/* Begin XCBuildConfiguration section */
		A5F324D22469826700B6FF0B /* Debug */ = {
			isa = XCBuildConfiguration;
			buildSettings = {
				ALWAYS_SEARCH_USER_PATHS = NO;
				CLANG_ANALYZER_NONNULL = YES;
				CLANG_ANALYZER_NUMBER_OBJECT_CONVERSION = YES_AGGRESSIVE;
				CLANG_CXX_LANGUAGE_STANDARD = "gnu++14";
				CLANG_CXX_LIBRARY = "libc++";
				CLANG_ENABLE_MODULES = YES;
				CLANG_ENABLE_OBJC_ARC = YES;
				CLANG_ENABLE_OBJC_WEAK = YES;
				CLANG_WARN_BLOCK_CAPTURE_AUTORELEASING = YES;
				CLANG_WARN_BOOL_CONVERSION = YES;
				CLANG_WARN_COMMA = YES;
				CLANG_WARN_CONSTANT_CONVERSION = YES;
				CLANG_WARN_DEPRECATED_OBJC_IMPLEMENTATIONS = YES;
				CLANG_WARN_DIRECT_OBJC_ISA_USAGE = YES_ERROR;
				CLANG_WARN_DOCUMENTATION_COMMENTS = YES;
				CLANG_WARN_EMPTY_BODY = YES;
				CLANG_WARN_ENUM_CONVERSION = YES;
				CLANG_WARN_INFINITE_RECURSION = YES;
				CLANG_WARN_INT_CONVERSION = YES;
				CLANG_WARN_NON_LITERAL_NULL_CONVERSION = YES;
				CLANG_WARN_OBJC_IMPLICIT_RETAIN_SELF = YES;
				CLANG_WARN_OBJC_LITERAL_CONVERSION = YES;
				CLANG_WARN_OBJC_ROOT_CLASS = YES_ERROR;
				CLANG_WARN_RANGE_LOOP_ANALYSIS = YES;
				CLANG_WARN_STRICT_PROTOTYPES = YES;
				CLANG_WARN_SUSPICIOUS_MOVE = YES;
				CLANG_WARN_UNGUARDED_AVAILABILITY = YES_AGGRESSIVE;
				CLANG_WARN_UNREACHABLE_CODE = YES;
				CLANG_WARN__DUPLICATE_METHOD_MATCH = YES;
				COPY_PHASE_STRIP = NO;
				DEBUG_INFORMATION_FORMAT = dwarf;
				ENABLE_STRICT_OBJC_MSGSEND = YES;
				ENABLE_TESTABILITY = YES;
				GCC_C_LANGUAGE_STANDARD = gnu11;
				GCC_DYNAMIC_NO_PIC = NO;
				GCC_NO_COMMON_BLOCKS = YES;
				GCC_OPTIMIZATION_LEVEL = 0;
				GCC_PREPROCESSOR_DEFINITIONS = (
					"DEBUG=1",
					"$(inherited)",
				);
				GCC_WARN_64_TO_32_BIT_CONVERSION = YES;
				GCC_WARN_ABOUT_RETURN_TYPE = YES_ERROR;
				GCC_WARN_UNDECLARED_SELECTOR = YES;
				GCC_WARN_UNINITIALIZED_AUTOS = YES_AGGRESSIVE;
				GCC_WARN_UNUSED_FUNCTION = YES;
				GCC_WARN_UNUSED_VARIABLE = YES;
				IPHONEOS_DEPLOYMENT_TARGET = 13.4;
				MTL_ENABLE_DEBUG_INFO = INCLUDE_SOURCE;
				MTL_FAST_MATH = YES;
				ONLY_ACTIVE_ARCH = YES;
				SDKROOT = iphoneos;
				SWIFT_ACTIVE_COMPILATION_CONDITIONS = DEBUG;
				SWIFT_OPTIMIZATION_LEVEL = "-Onone";
			};
			name = Debug;
		};
		A5F324D32469826700B6FF0B /* Release */ = {
			isa = XCBuildConfiguration;
			buildSettings = {
				ALWAYS_SEARCH_USER_PATHS = NO;
				CLANG_ANALYZER_NONNULL = YES;
				CLANG_ANALYZER_NUMBER_OBJECT_CONVERSION = YES_AGGRESSIVE;
				CLANG_CXX_LANGUAGE_STANDARD = "gnu++14";
				CLANG_CXX_LIBRARY = "libc++";
				CLANG_ENABLE_MODULES = YES;
				CLANG_ENABLE_OBJC_ARC = YES;
				CLANG_ENABLE_OBJC_WEAK = YES;
				CLANG_WARN_BLOCK_CAPTURE_AUTORELEASING = YES;
				CLANG_WARN_BOOL_CONVERSION = YES;
				CLANG_WARN_COMMA = YES;
				CLANG_WARN_CONSTANT_CONVERSION = YES;
				CLANG_WARN_DEPRECATED_OBJC_IMPLEMENTATIONS = YES;
				CLANG_WARN_DIRECT_OBJC_ISA_USAGE = YES_ERROR;
				CLANG_WARN_DOCUMENTATION_COMMENTS = YES;
				CLANG_WARN_EMPTY_BODY = YES;
				CLANG_WARN_ENUM_CONVERSION = YES;
				CLANG_WARN_INFINITE_RECURSION = YES;
				CLANG_WARN_INT_CONVERSION = YES;
				CLANG_WARN_NON_LITERAL_NULL_CONVERSION = YES;
				CLANG_WARN_OBJC_IMPLICIT_RETAIN_SELF = YES;
				CLANG_WARN_OBJC_LITERAL_CONVERSION = YES;
				CLANG_WARN_OBJC_ROOT_CLASS = YES_ERROR;
				CLANG_WARN_RANGE_LOOP_ANALYSIS = YES;
				CLANG_WARN_STRICT_PROTOTYPES = YES;
				CLANG_WARN_SUSPICIOUS_MOVE = YES;
				CLANG_WARN_UNGUARDED_AVAILABILITY = YES_AGGRESSIVE;
				CLANG_WARN_UNREACHABLE_CODE = YES;
				CLANG_WARN__DUPLICATE_METHOD_MATCH = YES;
				COPY_PHASE_STRIP = NO;
				DEBUG_INFORMATION_FORMAT = "dwarf-with-dsym";
				ENABLE_NS_ASSERTIONS = NO;
				ENABLE_STRICT_OBJC_MSGSEND = YES;
				GCC_C_LANGUAGE_STANDARD = gnu11;
				GCC_NO_COMMON_BLOCKS = YES;
				GCC_WARN_64_TO_32_BIT_CONVERSION = YES;
				GCC_WARN_ABOUT_RETURN_TYPE = YES_ERROR;
				GCC_WARN_UNDECLARED_SELECTOR = YES;
				GCC_WARN_UNINITIALIZED_AUTOS = YES_AGGRESSIVE;
				GCC_WARN_UNUSED_FUNCTION = YES;
				GCC_WARN_UNUSED_VARIABLE = YES;
				IPHONEOS_DEPLOYMENT_TARGET = 13.4;
				MTL_ENABLE_DEBUG_INFO = NO;
				MTL_FAST_MATH = YES;
				SDKROOT = iphoneos;
				SWIFT_COMPILATION_MODE = wholemodule;
				SWIFT_OPTIMIZATION_LEVEL = "-O";
				VALIDATE_PRODUCT = YES;
			};
			name = Release;
		};
		A5F324D52469826700B6FF0B /* Debug */ = {
			isa = XCBuildConfiguration;
			buildSettings = {
				ASSETCATALOG_COMPILER_APPICON_NAME = AppIcon;
				CODE_SIGN_STYLE = Automatic;
				DEVELOPMENT_TEAM = DH7PS64634;
				INFOPLIST_FILE = AppleLoginTest/Info.plist;
				LD_RUNPATH_SEARCH_PATHS = (
					"$(inherited)",
					"@executable_path/Frameworks",
				);
				PRODUCT_BUNDLE_IDENTIFIER = com.jaeinjeong.AppleLoginTest;
				PRODUCT_NAME = "$(TARGET_NAME)";
				SWIFT_VERSION = 5.0;
				TARGETED_DEVICE_FAMILY = "1,2";
			};
			name = Debug;
		};
		A5F324D62469826700B6FF0B /* Release */ = {
			isa = XCBuildConfiguration;
			buildSettings = {
				ASSETCATALOG_COMPILER_APPICON_NAME = AppIcon;
				CODE_SIGN_STYLE = Automatic;
				DEVELOPMENT_TEAM = DH7PS64634;
				INFOPLIST_FILE = AppleLoginTest/Info.plist;
				LD_RUNPATH_SEARCH_PATHS = (
					"$(inherited)",
					"@executable_path/Frameworks",
				);
				PRODUCT_BUNDLE_IDENTIFIER = com.jaeinjeong.AppleLoginTest;
				PRODUCT_NAME = "$(TARGET_NAME)";
				SWIFT_VERSION = 5.0;
				TARGETED_DEVICE_FAMILY = "1,2";
			};
			name = Release;
		};
/* End XCBuildConfiguration section */

/* Begin XCConfigurationList section */
		A5F324B82469826600B6FF0B /* Build configuration list for PBXProject "AppleLoginTest" */ = {
			isa = XCConfigurationList;
			buildConfigurations = (
				A5F324D22469826700B6FF0B /* Debug */,
				A5F324D32469826700B6FF0B /* Release */,
			);
			defaultConfigurationIsVisible = 0;
			defaultConfigurationName = Release;
		};
		A5F324D42469826700B6FF0B /* Build configuration list for PBXNativeTarget "AppleLoginTest" */ = {
			isa = XCConfigurationList;
			buildConfigurations = (
				A5F324D52469826700B6FF0B /* Debug */,
				A5F324D62469826700B6FF0B /* Release */,
			);
			defaultConfigurationIsVisible = 0;
			defaultConfigurationName = Release;
		};
/* End XCConfigurationList section */

/* Begin XCVersionGroup section */
		A5F324C92469826600B6FF0B /* AppleLoginTest.xcdatamodeld */ = {
			isa = XCVersionGroup;
			children = (
				A5F324CA2469826600B6FF0B /* AppleLoginTest.xcdatamodel */,
			);
			currentVersion = A5F324CA2469826600B6FF0B /* AppleLoginTest.xcdatamodel */;
			path = AppleLoginTest.xcdatamodeld;
			sourceTree = "<group>";
			versionGroupType = wrapper.xcdatamodel;
		};
/* End XCVersionGroup section */
	};
	rootObject = A5F324B52469826600B6FF0B /* Project object */;
}
